// !$*UTF8*$!
{
	archiveVersion = 1;
	classes = {
	};
	objectVersion = 51;
	objects = {

/* Begin PBXBuildFile section */
		7A7DAB36D5818812A9613F87 /* Pods_DVVLib_DVVLibTests.framework in Frameworks */ = {isa = PBXBuildFile; fileRef = 271553ECF7644AE7717A63EE /* Pods_DVVLib_DVVLibTests.framework */; };
		88E7ACD50299069FC2F0254D /* Pods_DVVLib.framework in Frameworks */ = {isa = PBXBuildFile; fileRef = 180794D6A8EB9C13A85399CF /* Pods_DVVLib.framework */; };
		B93E2D4427498EA100CCD2CC /* SuperWifi.h in Headers */ = {isa = PBXBuildFile; fileRef = B93E2D4227498EA100CCD2CC /* SuperWifi.h */; settings = {ATTRIBUTES = (Public, ); }; };
		B93E2D4527498EA100CCD2CC /* SuperWifi.c in Sources */ = {isa = PBXBuildFile; fileRef = B93E2D4327498EA100CCD2CC /* SuperWifi.c */; };
		B95381EC27393D8E0030D331 /* DemoComponentEntry.swift in Sources */ = {isa = PBXBuildFile; fileRef = B95381EB27393D8E0030D331 /* DemoComponentEntry.swift */; };
		B95381F027393E270030D331 /* ComponentCardView.xib in Resources */ = {isa = PBXBuildFile; fileRef = B95381EF27393E270030D331 /* ComponentCardView.xib */; };
		B95381F327393E580030D331 /* ComponentViewController.swift in Sources */ = {isa = PBXBuildFile; fileRef = B95381F127393E580030D331 /* ComponentViewController.swift */; };
		B95381F427393E580030D331 /* ComponentViewController.xib in Resources */ = {isa = PBXBuildFile; fileRef = B95381F227393E580030D331 /* ComponentViewController.xib */; };
		B9636272273132BD009CED2E /* DVVLib.framework in Frameworks */ = {isa = PBXBuildFile; fileRef = B9636268273132BC009CED2E /* DVVLib.framework */; };
		B9636277273132BD009CED2E /* DVVLibTests.swift in Sources */ = {isa = PBXBuildFile; fileRef = B9636276273132BD009CED2E /* DVVLibTests.swift */; };
		B9636279273132BD009CED2E /* DVVLib.h in Headers */ = {isa = PBXBuildFile; fileRef = B963626B273132BC009CED2E /* DVVLib.h */; settings = {ATTRIBUTES = (Public, ); }; };
		B9636285273134BB009CED2E /* DVVLib.swift in Sources */ = {isa = PBXBuildFile; fileRef = B9636284273134BB009CED2E /* DVVLib.swift */; };
		B96E1DD0274BB6DD004ACF70 /* ComponentCardView.swift in Sources */ = {isa = PBXBuildFile; fileRef = B96E1DCF274BB6DD004ACF70 /* ComponentCardView.swift */; };
		B97DB290274BB4A400CFA69E /* GHSuperWifiManager.swift in Sources */ = {isa = PBXBuildFile; fileRef = B97DB28F274BB4A400CFA69E /* GHSuperWifiManager.swift */; };
		B9839C2E27675DD700DA8BC4 /* Localizable.strings in Resources */ = {isa = PBXBuildFile; fileRef = B9839C2C27675DD700DA8BC4 /* Localizable.strings */; };
		B98CC225273A8BC1006CE53A /* GHRequestManager.swift in Sources */ = {isa = PBXBuildFile; fileRef = B98CC224273A8BC1006CE53A /* GHRequestManager.swift */; };
		B98D8EBB27679D7E003F0694 /* Localizable.strings in Resources */ = {isa = PBXBuildFile; fileRef = B98D8EB927679D7E003F0694 /* Localizable.strings */; };
		B9B6198827328B69003B1219 /* AfterLoginVC.storyboard in Resources */ = {isa = PBXBuildFile; fileRef = B9B6198727328B69003B1219 /* AfterLoginVC.storyboard */; };
		B9B6198A27328B95003B1219 /* AfterLoginVC.swift in Sources */ = {isa = PBXBuildFile; fileRef = B9B6198927328B95003B1219 /* AfterLoginVC.swift */; };
		B9C1EC99273BCDEF00293F4E /* GHLocalizationManager.swift in Sources */ = {isa = PBXBuildFile; fileRef = B9C1EC98273BCDEF00293F4E /* GHLocalizationManager.swift */; };
		B9CDEB21274BD92F00654315 /* SubComponentEntry.swift in Sources */ = {isa = PBXBuildFile; fileRef = B9CDEB20274BD92F00654315 /* SubComponentEntry.swift */; };
		B9CDEB23274BDAE600654315 /* SubComponentCardView.xib in Resources */ = {isa = PBXBuildFile; fileRef = B9CDEB22274BDAE600654315 /* SubComponentCardView.xib */; };
		B9CDEB25274BDFA600654315 /* SubComponentCardView.swift in Sources */ = {isa = PBXBuildFile; fileRef = B9CDEB24274BDFA600654315 /* SubComponentCardView.swift */; };
		B9CDEB28274BE51B00654315 /* Assets.xcassets in Resources */ = {isa = PBXBuildFile; fileRef = B9CDEB27274BE51B00654315 /* Assets.xcassets */; };
		B9CDEB2A274BF69F00654315 /* SubComponentViewController.xib in Resources */ = {isa = PBXBuildFile; fileRef = B9CDEB29274BF69F00654315 /* SubComponentViewController.xib */; };
		B9CDEB2C274BF70600654315 /* SubComponentViewController.swift in Sources */ = {isa = PBXBuildFile; fileRef = B9CDEB2B274BF70600654315 /* SubComponentViewController.swift */; };
/* End PBXBuildFile section */

/* Begin PBXContainerItemProxy section */
		B9636273273132BD009CED2E /* PBXContainerItemProxy */ = {
			isa = PBXContainerItemProxy;
			containerPortal = B963625F273132BC009CED2E /* Project object */;
			proxyType = 1;
			remoteGlobalIDString = B9636267273132BC009CED2E;
			remoteInfo = DVVLib;
		};
/* End PBXContainerItemProxy section */

/* Begin PBXFileReference section */
		11943977C8969CDD9F975B75 /* Pods-DVVLib.debug.xcconfig */ = {isa = PBXFileReference; includeInIndex = 1; lastKnownFileType = text.xcconfig; name = "Pods-DVVLib.debug.xcconfig"; path = "Target Support Files/Pods-DVVLib/Pods-DVVLib.debug.xcconfig"; sourceTree = "<group>"; };
		16204E0975D9453129F860A4 /* Pods-DVVLib-DVVLibTests.debug.xcconfig */ = {isa = PBXFileReference; includeInIndex = 1; lastKnownFileType = text.xcconfig; name = "Pods-DVVLib-DVVLibTests.debug.xcconfig"; path = "Target Support Files/Pods-DVVLib-DVVLibTests/Pods-DVVLib-DVVLibTests.debug.xcconfig"; sourceTree = "<group>"; };
		180794D6A8EB9C13A85399CF /* Pods_DVVLib.framework */ = {isa = PBXFileReference; explicitFileType = wrapper.framework; includeInIndex = 0; path = Pods_DVVLib.framework; sourceTree = BUILT_PRODUCTS_DIR; };
		271553ECF7644AE7717A63EE /* Pods_DVVLib_DVVLibTests.framework */ = {isa = PBXFileReference; explicitFileType = wrapper.framework; includeInIndex = 0; path = Pods_DVVLib_DVVLibTests.framework; sourceTree = BUILT_PRODUCTS_DIR; };
		5E962A562DCEC9158BF32B4A /* Pods-DVVLib.release.xcconfig */ = {isa = PBXFileReference; includeInIndex = 1; lastKnownFileType = text.xcconfig; name = "Pods-DVVLib.release.xcconfig"; path = "Target Support Files/Pods-DVVLib/Pods-DVVLib.release.xcconfig"; sourceTree = "<group>"; };
		71BD745827FDF443D43420AB /* Pods-DVVLib-DVVLibTests.release.xcconfig */ = {isa = PBXFileReference; includeInIndex = 1; lastKnownFileType = text.xcconfig; name = "Pods-DVVLib-DVVLibTests.release.xcconfig"; path = "Target Support Files/Pods-DVVLib-DVVLibTests/Pods-DVVLib-DVVLibTests.release.xcconfig"; sourceTree = "<group>"; };
		B93E2D4227498EA100CCD2CC /* SuperWifi.h */ = {isa = PBXFileReference; lastKnownFileType = sourcecode.c.h; path = SuperWifi.h; sourceTree = "<group>"; };
		B93E2D4327498EA100CCD2CC /* SuperWifi.c */ = {isa = PBXFileReference; lastKnownFileType = sourcecode.c.c; path = SuperWifi.c; sourceTree = "<group>"; };
		B95381EB27393D8E0030D331 /* DemoComponentEntry.swift */ = {isa = PBXFileReference; lastKnownFileType = sourcecode.swift; path = DemoComponentEntry.swift; sourceTree = "<group>"; };
		B95381EF27393E270030D331 /* ComponentCardView.xib */ = {isa = PBXFileReference; lastKnownFileType = file.xib; path = ComponentCardView.xib; sourceTree = "<group>"; };
		B95381F127393E580030D331 /* ComponentViewController.swift */ = {isa = PBXFileReference; lastKnownFileType = sourcecode.swift; path = ComponentViewController.swift; sourceTree = "<group>"; };
		B95381F227393E580030D331 /* ComponentViewController.xib */ = {isa = PBXFileReference; lastKnownFileType = file.xib; path = ComponentViewController.xib; sourceTree = "<group>"; };
		B9636268273132BC009CED2E /* DVVLib.framework */ = {isa = PBXFileReference; explicitFileType = wrapper.framework; includeInIndex = 0; path = DVVLib.framework; sourceTree = BUILT_PRODUCTS_DIR; };
		B963626B273132BC009CED2E /* DVVLib.h */ = {isa = PBXFileReference; lastKnownFileType = sourcecode.c.h; path = DVVLib.h; sourceTree = "<group>"; };
		B963626C273132BC009CED2E /* Info.plist */ = {isa = PBXFileReference; lastKnownFileType = text.plist.xml; path = Info.plist; sourceTree = "<group>"; };
		B9636271273132BD009CED2E /* DVVLibTests.xctest */ = {isa = PBXFileReference; explicitFileType = wrapper.cfbundle; includeInIndex = 0; path = DVVLibTests.xctest; sourceTree = BUILT_PRODUCTS_DIR; };
		B9636276273132BD009CED2E /* DVVLibTests.swift */ = {isa = PBXFileReference; lastKnownFileType = sourcecode.swift; path = DVVLibTests.swift; sourceTree = "<group>"; };
		B9636278273132BD009CED2E /* Info.plist */ = {isa = PBXFileReference; lastKnownFileType = text.plist.xml; path = Info.plist; sourceTree = "<group>"; };
		B9636284273134BB009CED2E /* DVVLib.swift */ = {isa = PBXFileReference; lastKnownFileType = sourcecode.swift; path = DVVLib.swift; sourceTree = "<group>"; };
		B96E1DCF274BB6DD004ACF70 /* ComponentCardView.swift */ = {isa = PBXFileReference; lastKnownFileType = sourcecode.swift; path = ComponentCardView.swift; sourceTree = "<group>"; };
		B97DB28F274BB4A400CFA69E /* GHSuperWifiManager.swift */ = {isa = PBXFileReference; lastKnownFileType = sourcecode.swift; path = GHSuperWifiManager.swift; sourceTree = "<group>"; };
		B9839C2D27675DD700DA8BC4 /* Base */ = {isa = PBXFileReference; lastKnownFileType = text.plist.strings; name = Base; path = Localizable.strings; sourceTree = "<group>"; };
		B98CC224273A8BC1006CE53A /* GHRequestManager.swift */ = {isa = PBXFileReference; lastKnownFileType = sourcecode.swift; path = GHRequestManager.swift; sourceTree = "<group>"; };
		B98D8EBA27679D7E003F0694 /* it-IT */ = {isa = PBXFileReference; lastKnownFileType = text.plist.strings; name = "it-IT"; path = Localizable.strings; sourceTree = "<group>"; };
		B9B6198727328B69003B1219 /* AfterLoginVC.storyboard */ = {isa = PBXFileReference; lastKnownFileType = file.storyboard; path = AfterLoginVC.storyboard; sourceTree = "<group>"; };
		B9B6198927328B95003B1219 /* AfterLoginVC.swift */ = {isa = PBXFileReference; lastKnownFileType = sourcecode.swift; path = AfterLoginVC.swift; sourceTree = "<group>"; };
		B9C1EC98273BCDEF00293F4E /* GHLocalizationManager.swift */ = {isa = PBXFileReference; lastKnownFileType = sourcecode.swift; path = GHLocalizationManager.swift; sourceTree = "<group>"; };
		B9CDEB20274BD92F00654315 /* SubComponentEntry.swift */ = {isa = PBXFileReference; lastKnownFileType = sourcecode.swift; path = SubComponentEntry.swift; sourceTree = "<group>"; };
		B9CDEB22274BDAE600654315 /* SubComponentCardView.xib */ = {isa = PBXFileReference; lastKnownFileType = file.xib; path = SubComponentCardView.xib; sourceTree = "<group>"; };
		B9CDEB24274BDFA600654315 /* SubComponentCardView.swift */ = {isa = PBXFileReference; lastKnownFileType = sourcecode.swift; path = SubComponentCardView.swift; sourceTree = "<group>"; };
		B9CDEB27274BE51B00654315 /* Assets.xcassets */ = {isa = PBXFileReference; lastKnownFileType = folder.assetcatalog; path = Assets.xcassets; sourceTree = "<group>"; };
		B9CDEB29274BF69F00654315 /* SubComponentViewController.xib */ = {isa = PBXFileReference; lastKnownFileType = file.xib; path = SubComponentViewController.xib; sourceTree = "<group>"; };
		B9CDEB2B274BF70600654315 /* SubComponentViewController.swift */ = {isa = PBXFileReference; lastKnownFileType = sourcecode.swift; path = SubComponentViewController.swift; sourceTree = "<group>"; };
/* End PBXFileReference section */

/* Begin PBXFrameworksBuildPhase section */
		B9636265273132BC009CED2E /* Frameworks */ = {
			isa = PBXFrameworksBuildPhase;
			buildActionMask = 2147483647;
			files = (
				88E7ACD50299069FC2F0254D /* Pods_DVVLib.framework in Frameworks */,
			);
			runOnlyForDeploymentPostprocessing = 0;
		};
		B963626E273132BD009CED2E /* Frameworks */ = {
			isa = PBXFrameworksBuildPhase;
			buildActionMask = 2147483647;
			files = (
				B9636272273132BD009CED2E /* DVVLib.framework in Frameworks */,
				7A7DAB36D5818812A9613F87 /* Pods_DVVLib_DVVLibTests.framework in Frameworks */,
			);
			runOnlyForDeploymentPostprocessing = 0;
		};
/* End PBXFrameworksBuildPhase section */

/* Begin PBXGroup section */
		0752B23539D4CF09AED69340 /* Pods */ = {
			isa = PBXGroup;
			children = (
				11943977C8969CDD9F975B75 /* Pods-DVVLib.debug.xcconfig */,
				5E962A562DCEC9158BF32B4A /* Pods-DVVLib.release.xcconfig */,
				16204E0975D9453129F860A4 /* Pods-DVVLib-DVVLibTests.debug.xcconfig */,
				71BD745827FDF443D43420AB /* Pods-DVVLib-DVVLibTests.release.xcconfig */,
			);
			path = Pods;
			sourceTree = "<group>";
		};
		B963625E273132BC009CED2E = {
			isa = PBXGroup;
			children = (
				B963626A273132BC009CED2E /* DVVLib */,
				B9636275273132BD009CED2E /* DVVLibTests */,
				B9636269273132BC009CED2E /* Products */,
				0752B23539D4CF09AED69340 /* Pods */,
				EFCCF71D2FA177555C5AE97D /* Frameworks */,
			);
			sourceTree = "<group>";
		};
		B9636269273132BC009CED2E /* Products */ = {
			isa = PBXGroup;
			children = (
				B9636268273132BC009CED2E /* DVVLib.framework */,
				B9636271273132BD009CED2E /* DVVLibTests.xctest */,
			);
			name = Products;
			sourceTree = "<group>";
		};
		B963626A273132BC009CED2E /* DVVLib */ = {
			isa = PBXGroup;
			children = (
				B9CDEB26274BE50300654315 /* Resources */,
				B963626B273132BC009CED2E /* DVVLib.h */,
				B963626C273132BC009CED2E /* Info.plist */,
				B9636284273134BB009CED2E /* DVVLib.swift */,
				B9B6198727328B69003B1219 /* AfterLoginVC.storyboard */,
				B9B6198927328B95003B1219 /* AfterLoginVC.swift */,
				B95381EB27393D8E0030D331 /* DemoComponentEntry.swift */,
				B95381EF27393E270030D331 /* ComponentCardView.xib */,
				B95381F127393E580030D331 /* ComponentViewController.swift */,
				B95381F227393E580030D331 /* ComponentViewController.xib */,
				B98CC224273A8BC1006CE53A /* GHRequestManager.swift */,
				B9C1EC98273BCDEF00293F4E /* GHLocalizationManager.swift */,
				B93E2D4227498EA100CCD2CC /* SuperWifi.h */,
				B93E2D4327498EA100CCD2CC /* SuperWifi.c */,
				B97DB28F274BB4A400CFA69E /* GHSuperWifiManager.swift */,
				B96E1DCF274BB6DD004ACF70 /* ComponentCardView.swift */,
				B9CDEB20274BD92F00654315 /* SubComponentEntry.swift */,
				B9CDEB22274BDAE600654315 /* SubComponentCardView.xib */,
				B9CDEB24274BDFA600654315 /* SubComponentCardView.swift */,
				B9CDEB29274BF69F00654315 /* SubComponentViewController.xib */,
				B9CDEB2B274BF70600654315 /* SubComponentViewController.swift */,
			);
			path = DVVLib;
			sourceTree = "<group>";
		};
		B9636275273132BD009CED2E /* DVVLibTests */ = {
			isa = PBXGroup;
			children = (
				B9636276273132BD009CED2E /* DVVLibTests.swift */,
				B9636278273132BD009CED2E /* Info.plist */,
			);
			path = DVVLibTests;
			sourceTree = "<group>";
		};
		B9839C2527675D3600DA8BC4 /* Strings */ = {
			isa = PBXGroup;
			children = (
				B98D8EB827679D6B003F0694 /* it-IT.lproj */,
				B9839C2B27675DC600DA8BC4 /* Base.lproj */,
			);
			path = Strings;
			sourceTree = "<group>";
		};
		B9839C2B27675DC600DA8BC4 /* Base.lproj */ = {
			isa = PBXGroup;
			children = (
				B9839C2C27675DD700DA8BC4 /* Localizable.strings */,
			);
			path = Base.lproj;
			sourceTree = "<group>";
		};
		B98D8EB827679D6B003F0694 /* it-IT.lproj */ = {
			isa = PBXGroup;
			children = (
				B98D8EB927679D7E003F0694 /* Localizable.strings */,
			);
			path = "it-IT.lproj";
			sourceTree = "<group>";
		};
		B9CDEB26274BE50300654315 /* Resources */ = {
			isa = PBXGroup;
			children = (
				B9839C2527675D3600DA8BC4 /* Strings */,
				B9CDEB27274BE51B00654315 /* Assets.xcassets */,
			);
			path = Resources;
			sourceTree = "<group>";
		};
		EFCCF71D2FA177555C5AE97D /* Frameworks */ = {
			isa = PBXGroup;
			children = (
				180794D6A8EB9C13A85399CF /* Pods_DVVLib.framework */,
				271553ECF7644AE7717A63EE /* Pods_DVVLib_DVVLibTests.framework */,
			);
			name = Frameworks;
			sourceTree = "<group>";
		};
/* End PBXGroup section */

/* Begin PBXHeadersBuildPhase section */
		B9636263273132BC009CED2E /* Headers */ = {
			isa = PBXHeadersBuildPhase;
			buildActionMask = 2147483647;
			files = (
				B9636279273132BD009CED2E /* DVVLib.h in Headers */,
				B93E2D4427498EA100CCD2CC /* SuperWifi.h in Headers */,
			);
			runOnlyForDeploymentPostprocessing = 0;
		};
/* End PBXHeadersBuildPhase section */

/* Begin PBXNativeTarget section */
		B9636267273132BC009CED2E /* DVVLib */ = {
			isa = PBXNativeTarget;
			buildConfigurationList = B963627C273132BD009CED2E /* Build configuration list for PBXNativeTarget "DVVLib" */;
			buildPhases = (
				B2082A1101FFAD9421706AC1 /* [CP] Check Pods Manifest.lock */,
				B9636263273132BC009CED2E /* Headers */,
				B9636264273132BC009CED2E /* Sources */,
				B9636265273132BC009CED2E /* Frameworks */,
				B9636266273132BC009CED2E /* Resources */,
			);
			buildRules = (
			);
			dependencies = (
			);
			name = DVVLib;
			productName = DVVLib;
			productReference = B9636268273132BC009CED2E /* DVVLib.framework */;
			productType = "com.apple.product-type.framework";
		};
		B9636270273132BD009CED2E /* DVVLibTests */ = {
			isa = PBXNativeTarget;
			buildConfigurationList = B963627F273132BD009CED2E /* Build configuration list for PBXNativeTarget "DVVLibTests" */;
			buildPhases = (
				8AA4B82C833E3AE79428BFD9 /* [CP] Check Pods Manifest.lock */,
				B963626D273132BD009CED2E /* Sources */,
				B963626E273132BD009CED2E /* Frameworks */,
				B963626F273132BD009CED2E /* Resources */,
				9326290664CB87A3760C8CD3 /* [CP] Embed Pods Frameworks */,
			);
			buildRules = (
			);
			dependencies = (
				B9636274273132BD009CED2E /* PBXTargetDependency */,
			);
			name = DVVLibTests;
			productName = DVVLibTests;
			productReference = B9636271273132BD009CED2E /* DVVLibTests.xctest */;
			productType = "com.apple.product-type.bundle.unit-test";
		};
/* End PBXNativeTarget section */

/* Begin PBXProject section */
		B963625F273132BC009CED2E /* Project object */ = {
			isa = PBXProject;
			attributes = {
				LastSwiftUpdateCheck = 1240;
				LastUpgradeCheck = 1240;
				TargetAttributes = {
					B9636267273132BC009CED2E = {
						CreatedOnToolsVersion = 12.4;
						LastSwiftMigration = 1250;
					};
					B9636270273132BD009CED2E = {
						CreatedOnToolsVersion = 12.4;
					};
				};
			};
			buildConfigurationList = B9636262273132BC009CED2E /* Build configuration list for PBXProject "DVVLib" */;
			compatibilityVersion = "Xcode 9.3";
			developmentRegion = en;
			hasScannedForEncodings = 0;
			knownRegions = (
				en,
				Base,
				"it-IT",
			);
			mainGroup = B963625E273132BC009CED2E;
			productRefGroup = B9636269273132BC009CED2E /* Products */;
			projectDirPath = "";
			projectRoot = "";
			targets = (
				B9636267273132BC009CED2E /* DVVLib */,
				B9636270273132BD009CED2E /* DVVLibTests */,
			);
		};
/* End PBXProject section */

/* Begin PBXResourcesBuildPhase section */
		B9636266273132BC009CED2E /* Resources */ = {
			isa = PBXResourcesBuildPhase;
			buildActionMask = 2147483647;
			files = (
				B95381F427393E580030D331 /* ComponentViewController.xib in Resources */,
				B9CDEB23274BDAE600654315 /* SubComponentCardView.xib in Resources */,
				B95381F027393E270030D331 /* ComponentCardView.xib in Resources */,
				B9CDEB2A274BF69F00654315 /* SubComponentViewController.xib in Resources */,
				B9839C2E27675DD700DA8BC4 /* Localizable.strings in Resources */,
				B98D8EBB27679D7E003F0694 /* Localizable.strings in Resources */,
				B9B6198827328B69003B1219 /* AfterLoginVC.storyboard in Resources */,
				B9CDEB28274BE51B00654315 /* Assets.xcassets in Resources */,
			);
			runOnlyForDeploymentPostprocessing = 0;
		};
		B963626F273132BD009CED2E /* Resources */ = {
			isa = PBXResourcesBuildPhase;
			buildActionMask = 2147483647;
			files = (
			);
			runOnlyForDeploymentPostprocessing = 0;
		};
/* End PBXResourcesBuildPhase section */

/* Begin PBXShellScriptBuildPhase section */
		8AA4B82C833E3AE79428BFD9 /* [CP] Check Pods Manifest.lock */ = {
			isa = PBXShellScriptBuildPhase;
			buildActionMask = 2147483647;
			files = (
			);
			inputFileListPaths = (
			);
			inputPaths = (
				"${PODS_PODFILE_DIR_PATH}/Podfile.lock",
				"${PODS_ROOT}/Manifest.lock",
			);
			name = "[CP] Check Pods Manifest.lock";
			outputFileListPaths = (
			);
			outputPaths = (
				"$(DERIVED_FILE_DIR)/Pods-DVVLib-DVVLibTests-checkManifestLockResult.txt",
			);
			runOnlyForDeploymentPostprocessing = 0;
			shellPath = /bin/sh;
			shellScript = "diff \"${PODS_PODFILE_DIR_PATH}/Podfile.lock\" \"${PODS_ROOT}/Manifest.lock\" > /dev/null\nif [ $? != 0 ] ; then\n    # print error to STDERR\n    echo \"error: The sandbox is not in sync with the Podfile.lock. Run 'pod install' or update your CocoaPods installation.\" >&2\n    exit 1\nfi\n# This output is used by Xcode 'outputs' to avoid re-running this script phase.\necho \"SUCCESS\" > \"${SCRIPT_OUTPUT_FILE_0}\"\n";
			showEnvVarsInLog = 0;
		};
		9326290664CB87A3760C8CD3 /* [CP] Embed Pods Frameworks */ = {
			isa = PBXShellScriptBuildPhase;
			buildActionMask = 2147483647;
			files = (
			);
			inputFileListPaths = (
				"${PODS_ROOT}/Target Support Files/Pods-DVVLib-DVVLibTests/Pods-DVVLib-DVVLibTests-frameworks-${CONFIGURATION}-input-files.xcfilelist",
			);
			name = "[CP] Embed Pods Frameworks";
			outputFileListPaths = (
				"${PODS_ROOT}/Target Support Files/Pods-DVVLib-DVVLibTests/Pods-DVVLib-DVVLibTests-frameworks-${CONFIGURATION}-output-files.xcfilelist",
			);
			runOnlyForDeploymentPostprocessing = 0;
			shellPath = /bin/sh;
			shellScript = "\"${PODS_ROOT}/Target Support Files/Pods-DVVLib-DVVLibTests/Pods-DVVLib-DVVLibTests-frameworks.sh\"\n";
			showEnvVarsInLog = 0;
		};
		B2082A1101FFAD9421706AC1 /* [CP] Check Pods Manifest.lock */ = {
			isa = PBXShellScriptBuildPhase;
			buildActionMask = 2147483647;
			files = (
			);
			inputFileListPaths = (
			);
			inputPaths = (
				"${PODS_PODFILE_DIR_PATH}/Podfile.lock",
				"${PODS_ROOT}/Manifest.lock",
			);
			name = "[CP] Check Pods Manifest.lock";
			outputFileListPaths = (
			);
			outputPaths = (
				"$(DERIVED_FILE_DIR)/Pods-DVVLib-checkManifestLockResult.txt",
			);
			runOnlyForDeploymentPostprocessing = 0;
			shellPath = /bin/sh;
			shellScript = "diff \"${PODS_PODFILE_DIR_PATH}/Podfile.lock\" \"${PODS_ROOT}/Manifest.lock\" > /dev/null\nif [ $? != 0 ] ; then\n    # print error to STDERR\n    echo \"error: The sandbox is not in sync with the Podfile.lock. Run 'pod install' or update your CocoaPods installation.\" >&2\n    exit 1\nfi\n# This output is used by Xcode 'outputs' to avoid re-running this script phase.\necho \"SUCCESS\" > \"${SCRIPT_OUTPUT_FILE_0}\"\n";
			showEnvVarsInLog = 0;
		};
/* End PBXShellScriptBuildPhase section */

/* Begin PBXSourcesBuildPhase section */
		B9636264273132BC009CED2E /* Sources */ = {
			isa = PBXSourcesBuildPhase;
			buildActionMask = 2147483647;
			files = (
				B95381EC27393D8E0030D331 /* DemoComponentEntry.swift in Sources */,
				B9CDEB21274BD92F00654315 /* SubComponentEntry.swift in Sources */,
				B9CDEB2C274BF70600654315 /* SubComponentViewController.swift in Sources */,
				B9C1EC99273BCDEF00293F4E /* GHLocalizationManager.swift in Sources */,
				B93E2D4527498EA100CCD2CC /* SuperWifi.c in Sources */,
				B97DB290274BB4A400CFA69E /* GHSuperWifiManager.swift in Sources */,
				B9636285273134BB009CED2E /* DVVLib.swift in Sources */,
				B95381F327393E580030D331 /* ComponentViewController.swift in Sources */,
				B98CC225273A8BC1006CE53A /* GHRequestManager.swift in Sources */,
				B96E1DD0274BB6DD004ACF70 /* ComponentCardView.swift in Sources */,
				B9CDEB25274BDFA600654315 /* SubComponentCardView.swift in Sources */,
				B9B6198A27328B95003B1219 /* AfterLoginVC.swift in Sources */,
			);
			runOnlyForDeploymentPostprocessing = 0;
		};
		B963626D273132BD009CED2E /* Sources */ = {
			isa = PBXSourcesBuildPhase;
			buildActionMask = 2147483647;
			files = (
				B9636277273132BD009CED2E /* DVVLibTests.swift in Sources */,
			);
			runOnlyForDeploymentPostprocessing = 0;
		};
/* End PBXSourcesBuildPhase section */

/* Begin PBXTargetDependency section */
		B9636274273132BD009CED2E /* PBXTargetDependency */ = {
			isa = PBXTargetDependency;
			target = B9636267273132BC009CED2E /* DVVLib */;
			targetProxy = B9636273273132BD009CED2E /* PBXContainerItemProxy */;
		};
/* End PBXTargetDependency section */

/* Begin PBXVariantGroup section */
		B9839C2C27675DD700DA8BC4 /* Localizable.strings */ = {
			isa = PBXVariantGroup;
			children = (
				B9839C2D27675DD700DA8BC4 /* Base */,
			);
			name = Localizable.strings;
			sourceTree = "<group>";
		};
		B98D8EB927679D7E003F0694 /* Localizable.strings */ = {
			isa = PBXVariantGroup;
			children = (
				B98D8EBA27679D7E003F0694 /* it-IT */,
			);
			name = Localizable.strings;
			sourceTree = "<group>";
		};
/* End PBXVariantGroup section */

/* Begin XCBuildConfiguration section */
		B963627A273132BD009CED2E /* Debug */ = {
			isa = XCBuildConfiguration;
			buildSettings = {
				ALWAYS_SEARCH_USER_PATHS = NO;
				BUILD_LIBRARY_FOR_DISTRIBUTION = YES;
				CLANG_ANALYZER_NONNULL = YES;
				CLANG_ANALYZER_NUMBER_OBJECT_CONVERSION = YES_AGGRESSIVE;
				CLANG_CXX_LANGUAGE_STANDARD = "gnu++14";
				CLANG_CXX_LIBRARY = "libc++";
				CLANG_ENABLE_MODULES = YES;
				CLANG_ENABLE_OBJC_ARC = YES;
				CLANG_ENABLE_OBJC_WEAK = YES;
				CLANG_WARN_BLOCK_CAPTURE_AUTORELEASING = YES;
				CLANG_WARN_BOOL_CONVERSION = YES;
				CLANG_WARN_COMMA = YES;
				CLANG_WARN_CONSTANT_CONVERSION = YES;
				CLANG_WARN_DEPRECATED_OBJC_IMPLEMENTATIONS = YES;
				CLANG_WARN_DIRECT_OBJC_ISA_USAGE = YES_ERROR;
				CLANG_WARN_DOCUMENTATION_COMMENTS = YES;
				CLANG_WARN_EMPTY_BODY = YES;
				CLANG_WARN_ENUM_CONVERSION = YES;
				CLANG_WARN_INFINITE_RECURSION = YES;
				CLANG_WARN_INT_CONVERSION = YES;
				CLANG_WARN_NON_LITERAL_NULL_CONVERSION = YES;
				CLANG_WARN_OBJC_IMPLICIT_RETAIN_SELF = YES;
				CLANG_WARN_OBJC_LITERAL_CONVERSION = YES;
				CLANG_WARN_OBJC_ROOT_CLASS = YES_ERROR;
				CLANG_WARN_QUOTED_INCLUDE_IN_FRAMEWORK_HEADER = YES;
				CLANG_WARN_RANGE_LOOP_ANALYSIS = YES;
				CLANG_WARN_STRICT_PROTOTYPES = YES;
				CLANG_WARN_SUSPICIOUS_MOVE = YES;
				CLANG_WARN_UNGUARDED_AVAILABILITY = YES_AGGRESSIVE;
				CLANG_WARN_UNREACHABLE_CODE = YES;
				CLANG_WARN__DUPLICATE_METHOD_MATCH = YES;
				COPY_PHASE_STRIP = NO;
				CURRENT_PROJECT_VERSION = 1;
				DEBUG_INFORMATION_FORMAT = dwarf;
				ENABLE_STRICT_OBJC_MSGSEND = YES;
				ENABLE_TESTABILITY = YES;
				GCC_C_LANGUAGE_STANDARD = gnu11;
				GCC_DYNAMIC_NO_PIC = NO;
				GCC_NO_COMMON_BLOCKS = YES;
				GCC_OPTIMIZATION_LEVEL = 0;
				GCC_PREPROCESSOR_DEFINITIONS = (
					"DEBUG=1",
					"$(inherited)",
				);
				GCC_WARN_64_TO_32_BIT_CONVERSION = YES;
				GCC_WARN_ABOUT_RETURN_TYPE = YES_ERROR;
				GCC_WARN_UNDECLARED_SELECTOR = YES;
				GCC_WARN_UNINITIALIZED_AUTOS = YES_AGGRESSIVE;
				GCC_WARN_UNUSED_FUNCTION = YES;
				GCC_WARN_UNUSED_VARIABLE = YES;
				IPHONEOS_DEPLOYMENT_TARGET = 14.4;
				MTL_ENABLE_DEBUG_INFO = INCLUDE_SOURCE;
				MTL_FAST_MATH = YES;
				ONLY_ACTIVE_ARCH = YES;
				SDKROOT = iphoneos;
				SWIFT_ACTIVE_COMPILATION_CONDITIONS = DEBUG;
				SWIFT_OPTIMIZATION_LEVEL = "-Onone";
				SWIFT_VERSION = 5.0;
				VERSIONING_SYSTEM = "apple-generic";
				VERSION_INFO_PREFIX = "";
			};
			name = Debug;
		};
		B963627B273132BD009CED2E /* Release */ = {
			isa = XCBuildConfiguration;
			buildSettings = {
				ALWAYS_SEARCH_USER_PATHS = NO;
				BUILD_LIBRARY_FOR_DISTRIBUTION = YES;
				CLANG_ANALYZER_NONNULL = YES;
				CLANG_ANALYZER_NUMBER_OBJECT_CONVERSION = YES_AGGRESSIVE;
				CLANG_CXX_LANGUAGE_STANDARD = "gnu++14";
				CLANG_CXX_LIBRARY = "libc++";
				CLANG_ENABLE_MODULES = YES;
				CLANG_ENABLE_OBJC_ARC = YES;
				CLANG_ENABLE_OBJC_WEAK = YES;
				CLANG_WARN_BLOCK_CAPTURE_AUTORELEASING = YES;
				CLANG_WARN_BOOL_CONVERSION = YES;
				CLANG_WARN_COMMA = YES;
				CLANG_WARN_CONSTANT_CONVERSION = YES;
				CLANG_WARN_DEPRECATED_OBJC_IMPLEMENTATIONS = YES;
				CLANG_WARN_DIRECT_OBJC_ISA_USAGE = YES_ERROR;
				CLANG_WARN_DOCUMENTATION_COMMENTS = YES;
				CLANG_WARN_EMPTY_BODY = YES;
				CLANG_WARN_ENUM_CONVERSION = YES;
				CLANG_WARN_INFINITE_RECURSION = YES;
				CLANG_WARN_INT_CONVERSION = YES;
				CLANG_WARN_NON_LITERAL_NULL_CONVERSION = YES;
				CLANG_WARN_OBJC_IMPLICIT_RETAIN_SELF = YES;
				CLANG_WARN_OBJC_LITERAL_CONVERSION = YES;
				CLANG_WARN_OBJC_ROOT_CLASS = YES_ERROR;
				CLANG_WARN_QUOTED_INCLUDE_IN_FRAMEWORK_HEADER = YES;
				CLANG_WARN_RANGE_LOOP_ANALYSIS = YES;
				CLANG_WARN_STRICT_PROTOTYPES = YES;
				CLANG_WARN_SUSPICIOUS_MOVE = YES;
				CLANG_WARN_UNGUARDED_AVAILABILITY = YES_AGGRESSIVE;
				CLANG_WARN_UNREACHABLE_CODE = YES;
				CLANG_WARN__DUPLICATE_METHOD_MATCH = YES;
				COPY_PHASE_STRIP = NO;
				CURRENT_PROJECT_VERSION = 1;
				DEBUG_INFORMATION_FORMAT = "dwarf-with-dsym";
				ENABLE_NS_ASSERTIONS = NO;
				ENABLE_STRICT_OBJC_MSGSEND = YES;
				GCC_C_LANGUAGE_STANDARD = gnu11;
				GCC_NO_COMMON_BLOCKS = YES;
				GCC_WARN_64_TO_32_BIT_CONVERSION = YES;
				GCC_WARN_ABOUT_RETURN_TYPE = YES_ERROR;
				GCC_WARN_UNDECLARED_SELECTOR = YES;
				GCC_WARN_UNINITIALIZED_AUTOS = YES_AGGRESSIVE;
				GCC_WARN_UNUSED_FUNCTION = YES;
				GCC_WARN_UNUSED_VARIABLE = YES;
				IPHONEOS_DEPLOYMENT_TARGET = 14.4;
				MTL_ENABLE_DEBUG_INFO = NO;
				MTL_FAST_MATH = YES;
				SDKROOT = iphoneos;
				SWIFT_COMPILATION_MODE = wholemodule;
				SWIFT_OPTIMIZATION_LEVEL = "-O";
				SWIFT_VERSION = 5.0;
				VALIDATE_PRODUCT = YES;
				VERSIONING_SYSTEM = "apple-generic";
				VERSION_INFO_PREFIX = "";
			};
			name = Release;
		};
		B963627D273132BD009CED2E /* Debug */ = {
			isa = XCBuildConfiguration;
			baseConfigurationReference = 11943977C8969CDD9F975B75 /* Pods-DVVLib.debug.xcconfig */;
			buildSettings = {
				BUILD_LIBRARY_FOR_DISTRIBUTION = NO;
				CLANG_ALLOW_NON_MODULAR_INCLUDES_IN_FRAMEWORK_MODULES = NO;
				CLANG_ENABLE_MODULES = YES;
				CODE_SIGN_STYLE = Automatic;
				DEFINES_MODULE = YES;
				DEVELOPMENT_TEAM = H57LLHU4G6;
				DYLIB_COMPATIBILITY_VERSION = 1;
				DYLIB_CURRENT_VERSION = 1;
				DYLIB_INSTALL_NAME_BASE = "@rpath";
				FRAMEWORK_SEARCH_PATHS = (
					"$(inherited)",
					"\"${PODS_CONFIGURATION_BUILD_DIR}/MyPod\"/**",
					"\"${PODS_CONFIGURATION_BUILD_DIR}/VFGMVA10Foundation\"/**",
					"\"${PODS_CONFIGURATION_BUILD_DIR}/VFGMVA10Login\"/**",
					"\"${PODS_CONFIGURATION_BUILD_DIR}/lottie-ios\"/**",
				);
				INFOPLIST_FILE = DVVLib/Info.plist;
				INSTALL_PATH = "$(LOCAL_LIBRARY_DIR)/Frameworks";
				IPHONEOS_DEPLOYMENT_TARGET = 11.0;
				LD_RUNPATH_SEARCH_PATHS = (
					"$(inherited)",
					"@executable_path/Frameworks",
					"@loader_path/Frameworks",
				);
				PRODUCT_BUNDLE_IDENTIFIER = co.danieleviscuso.DVVLib;
				PRODUCT_NAME = "$(TARGET_NAME:c99extidentifier)";
				SKIP_INSTALL = YES;
				SUPPORTS_MACCATALYST = NO;
				SWIFT_OPTIMIZATION_LEVEL = "-Onone";
				SWIFT_VERSION = 5.0;
				TARGETED_DEVICE_FAMILY = 1;
			};
			name = Debug;
		};
		B963627E273132BD009CED2E /* Release */ = {
			isa = XCBuildConfiguration;
			baseConfigurationReference = 5E962A562DCEC9158BF32B4A /* Pods-DVVLib.release.xcconfig */;
			buildSettings = {
				BUILD_LIBRARY_FOR_DISTRIBUTION = NO;
				CLANG_ALLOW_NON_MODULAR_INCLUDES_IN_FRAMEWORK_MODULES = NO;
				CLANG_ENABLE_MODULES = YES;
				CODE_SIGN_STYLE = Automatic;
				DEFINES_MODULE = YES;
				DEVELOPMENT_TEAM = H57LLHU4G6;
				DYLIB_COMPATIBILITY_VERSION = 1;
				DYLIB_CURRENT_VERSION = 1;
				DYLIB_INSTALL_NAME_BASE = "@rpath";
				INFOPLIST_FILE = DVVLib/Info.plist;
				INSTALL_PATH = "$(LOCAL_LIBRARY_DIR)/Frameworks";
				IPHONEOS_DEPLOYMENT_TARGET = 11.0;
				LD_RUNPATH_SEARCH_PATHS = (
					"$(inherited)",
					"@executable_path/Frameworks",
					"@loader_path/Frameworks",
				);
				PRODUCT_BUNDLE_IDENTIFIER = co.danieleviscuso.DVVLib;
				PRODUCT_NAME = "$(TARGET_NAME:c99extidentifier)";
				SKIP_INSTALL = YES;
				SUPPORTS_MACCATALYST = NO;
				SWIFT_VERSION = 5.0;
				TARGETED_DEVICE_FAMILY = 1;
			};
			name = Release;
		};
		B9636280273132BD009CED2E /* Debug */ = {
			isa = XCBuildConfiguration;
			baseConfigurationReference = 16204E0975D9453129F860A4 /* Pods-DVVLib-DVVLibTests.debug.xcconfig */;
			buildSettings = {
				ALWAYS_EMBED_SWIFT_STANDARD_LIBRARIES = YES;
				CODE_SIGN_STYLE = Automatic;
				DEVELOPMENT_TEAM = H57LLHU4G6;
				INFOPLIST_FILE = DVVLibTests/Info.plist;
				LD_RUNPATH_SEARCH_PATHS = (
					"$(inherited)",
					"@executable_path/Frameworks",
					"@loader_path/Frameworks",
				);
				PRODUCT_BUNDLE_IDENTIFIER = co.danieleviscuso.DVVLibTests;
				PRODUCT_NAME = "$(TARGET_NAME)";
				SWIFT_VERSION = 5.0;
				TARGETED_DEVICE_FAMILY = "1,2";
			};
			name = Debug;
		};
		B9636281273132BD009CED2E /* Release */ = {
			isa = XCBuildConfiguration;
			baseConfigurationReference = 71BD745827FDF443D43420AB /* Pods-DVVLib-DVVLibTests.release.xcconfig */;
			buildSettings = {
				ALWAYS_EMBED_SWIFT_STANDARD_LIBRARIES = YES;
				CODE_SIGN_STYLE = Automatic;
				DEVELOPMENT_TEAM = H57LLHU4G6;
				INFOPLIST_FILE = DVVLibTests/Info.plist;
				LD_RUNPATH_SEARCH_PATHS = (
					"$(inherited)",
					"@executable_path/Frameworks",
					"@loader_path/Frameworks",
				);
				PRODUCT_BUNDLE_IDENTIFIER = co.danieleviscuso.DVVLibTests;
				PRODUCT_NAME = "$(TARGET_NAME)";
				SWIFT_VERSION = 5.0;
				TARGETED_DEVICE_FAMILY = "1,2";
			};
			name = Release;
		};
/* End XCBuildConfiguration section */

/* Begin XCConfigurationList section */
		B9636262273132BC009CED2E /* Build configuration list for PBXProject "DVVLib" */ = {
			isa = XCConfigurationList;
			buildConfigurations = (
				B963627A273132BD009CED2E /* Debug */,
				B963627B273132BD009CED2E /* Release */,
			);
			defaultConfigurationIsVisible = 0;
			defaultConfigurationName = Release;
		};
		B963627C273132BD009CED2E /* Build configuration list for PBXNativeTarget "DVVLib" */ = {
			isa = XCConfigurationList;
			buildConfigurations = (
				B963627D273132BD009CED2E /* Debug */,
				B963627E273132BD009CED2E /* Release */,
			);
			defaultConfigurationIsVisible = 0;
			defaultConfigurationName = Release;
		};
		B963627F273132BD009CED2E /* Build configuration list for PBXNativeTarget "DVVLibTests" */ = {
			isa = XCConfigurationList;
			buildConfigurations = (
				B9636280273132BD009CED2E /* Debug */,
				B9636281273132BD009CED2E /* Release */,
			);
			defaultConfigurationIsVisible = 0;
			defaultConfigurationName = Release;
		};
/* End XCConfigurationList section */
	};
	rootObject = B963625F273132BC009CED2E /* Project object */;
}
